
Microsoft Visual Studio Solution File, Format Version 12.00
# Visual Studio 15
VisualStudioVersion = 15.0.28010.0
MinimumVisualStudioVersion = 10.0.40219.1
Project("{FAE04EC0-301F-11D3-BF4B-00C04F79EFBC}") = "Community.Foundation.RemoteCacheKick", "src\Foundation\RemoteCacheKick\code\Community.Foundation.RemoteCacheKick.csproj", "{F2C65A7F-2560-4D2B-B6A7-45CFBA629B3B}"
EndProject
Global
	GlobalSection(SolutionConfigurationPlatforms) = preSolution
		Debug|Any CPU = Debug|Any CPU
		Release|Any CPU = Release|Any CPU
	EndGlobalSection
	GlobalSection(ProjectConfigurationPlatforms) = postSolution
		{F2C65A7F-2560-4D2B-B6A7-45CFBA629B3B}.Debug|Any CPU.ActiveCfg = Debug|Any CPU
		{F2C65A7F-2560-4D2B-B6A7-45CFBA629B3B}.Debug|Any CPU.Build.0 = Debug|Any CPU
		{F2C65A7F-2560-4D2B-B6A7-45CFBA629B3B}.Release|Any CPU.ActiveCfg = Release|Any CPU
		{F2C65A7F-2560-4D2B-B6A7-45CFBA629B3B}.Release|Any CPU.Build.0 = Release|Any CPU
	EndGlobalSection
	GlobalSection(SolutionProperties) = preSolution
		HideSolutionNode = FALSE
	EndGlobalSection
	GlobalSection(ExtensibilityGlobals) = postSolution
		SolutionGuid = {932296E2-5B7D-4586-BAFB-9F02E1DAC694}
	EndGlobalSection
EndGlobal
